// !$*UTF8*$!
{
	archiveVersion = 1;
	classes = {
	};
	objectVersion = 56;
	objects = {

/* Begin PBXBuildFile section */
		811F16C1294715E200A76907 /* test.swift in Sources */ = {isa = PBXBuildFile; fileRef = 811F16C0294715E200A76907 /* test.swift */; };
		8159C9B4292F26B900608710 /* MoodMeterApp.swift in Sources */ = {isa = PBXBuildFile; fileRef = 8159C9B3292F26B900608710 /* MoodMeterApp.swift */; };
		8159C9B6292F26B900608710 /* ContentView.swift in Sources */ = {isa = PBXBuildFile; fileRef = 8159C9B5292F26B900608710 /* ContentView.swift */; };
		8159C9B8292F26BA00608710 /* Assets.xcassets in Resources */ = {isa = PBXBuildFile; fileRef = 8159C9B7292F26BA00608710 /* Assets.xcassets */; };
		8159C9BC292F26BA00608710 /* Preview Assets.xcassets in Resources */ = {isa = PBXBuildFile; fileRef = 8159C9BB292F26BA00608710 /* Preview Assets.xcassets */; };
		8159C9C6292F26BA00608710 /* MoodMeterTests.swift in Sources */ = {isa = PBXBuildFile; fileRef = 8159C9C5292F26BA00608710 /* MoodMeterTests.swift */; };
		8159C9D0292F26BA00608710 /* MoodMeterUITests.swift in Sources */ = {isa = PBXBuildFile; fileRef = 8159C9CF292F26BA00608710 /* MoodMeterUITests.swift */; };
		8159C9D2292F26BA00608710 /* MoodMeterUITestsLaunchTests.swift in Sources */ = {isa = PBXBuildFile; fileRef = 8159C9D1292F26BA00608710 /* MoodMeterUITestsLaunchTests.swift */; };
		8159C9E0292F303800608710 /* Constants.swift in Sources */ = {isa = PBXBuildFile; fileRef = 8159C9DF292F303800608710 /* Constants.swift */; };
		8159C9E2292F3C5200608710 /* GraphView.swift in Sources */ = {isa = PBXBuildFile; fileRef = 8159C9E1292F3C5200608710 /* GraphView.swift */; };
		8159C9E5292F3E2C00608710 /* Color.swift in Sources */ = {isa = PBXBuildFile; fileRef = 8159C9E4292F3E2C00608710 /* Color.swift */; };
		81601A282946BCE900D24EB7 /* LiveButtonView.swift in Sources */ = {isa = PBXBuildFile; fileRef = 81601A272946BCE900D24EB7 /* LiveButtonView.swift */; };
		816C6CF229414EB600089541 /* RingView.swift in Sources */ = {isa = PBXBuildFile; fileRef = 816C6CF129414EB600089541 /* RingView.swift */; };
		816C6CF429414F2500089541 /* HealthData.swift in Sources */ = {isa = PBXBuildFile; fileRef = 816C6CF329414F2500089541 /* HealthData.swift */; };
		816C6CF629414F5E00089541 /* BlurView.swift in Sources */ = {isa = PBXBuildFile; fileRef = 816C6CF529414F5E00089541 /* BlurView.swift */; };
		816C6CF82941504000089541 /* LaunchScreenView.swift in Sources */ = {isa = PBXBuildFile; fileRef = 816C6CF72941504000089541 /* LaunchScreenView.swift */; };
		816C6CFD2941547000089541 /* LaunchScreenStateMachine.swift in Sources */ = {isa = PBXBuildFile; fileRef = 816C6CFC2941547000089541 /* LaunchScreenStateMachine.swift */; };
		816C6D002941E20800089541 /* DayInfo.swift in Sources */ = {isa = PBXBuildFile; fileRef = 816C6CFF2941E20800089541 /* DayInfo.swift */; };
		816C6D022941E4AC00089541 /* DailyView.swift in Sources */ = {isa = PBXBuildFile; fileRef = 816C6D012941E4AC00089541 /* DailyView.swift */; };
		816C6D042941F1AA00089541 /* DailyListView.swift in Sources */ = {isa = PBXBuildFile; fileRef = 816C6D032941F1AA00089541 /* DailyListView.swift */; };
		816C6D0629428FFB00089541 /* StateVariables.swift in Sources */ = {isa = PBXBuildFile; fileRef = 816C6D0529428FFB00089541 /* StateVariables.swift */; };
		816C6D082942C94B00089541 /* LiveDataView.swift in Sources */ = {isa = PBXBuildFile; fileRef = 816C6D072942C94B00089541 /* LiveDataView.swift */; };
		816C6D0A2942D1A500089541 /* LiveData.swift in Sources */ = {isa = PBXBuildFile; fileRef = 816C6D092942D1A500089541 /* LiveData.swift */; };
/* End PBXBuildFile section */

/* Begin PBXContainerItemProxy section */
		8159C9C2292F26BA00608710 /* PBXContainerItemProxy */ = {
			isa = PBXContainerItemProxy;
			containerPortal = 8159C9A8292F26B900608710 /* Project object */;
			proxyType = 1;
			remoteGlobalIDString = 8159C9AF292F26B900608710;
			remoteInfo = MoodMeter;
		};
		8159C9CC292F26BA00608710 /* PBXContainerItemProxy */ = {
			isa = PBXContainerItemProxy;
			containerPortal = 8159C9A8292F26B900608710 /* Project object */;
			proxyType = 1;
			remoteGlobalIDString = 8159C9AF292F26B900608710;
			remoteInfo = MoodMeter;
		};
/* End PBXContainerItemProxy section */

/* Begin PBXFileReference section */
		811F16C0294715E200A76907 /* test.swift */ = {isa = PBXFileReference; fileEncoding = 4; lastKnownFileType = sourcecode.swift; name = test.swift; path = ../../../../../Downloads/test.swift; sourceTree = "<group>"; };
		8159C9B0292F26B900608710 /* MoodMeter.app */ = {isa = PBXFileReference; explicitFileType = wrapper.application; includeInIndex = 0; path = MoodMeter.app; sourceTree = BUILT_PRODUCTS_DIR; };
		8159C9B3292F26B900608710 /* MoodMeterApp.swift */ = {isa = PBXFileReference; lastKnownFileType = sourcecode.swift; path = MoodMeterApp.swift; sourceTree = "<group>"; };
		8159C9B5292F26B900608710 /* ContentView.swift */ = {isa = PBXFileReference; lastKnownFileType = sourcecode.swift; path = ContentView.swift; sourceTree = "<group>"; };
		8159C9B7292F26BA00608710 /* Assets.xcassets */ = {isa = PBXFileReference; lastKnownFileType = folder.assetcatalog; path = Assets.xcassets; sourceTree = "<group>"; };
		8159C9B9292F26BA00608710 /* MoodMeter.entitlements */ = {isa = PBXFileReference; lastKnownFileType = text.plist.entitlements; path = MoodMeter.entitlements; sourceTree = "<group>"; };
		8159C9BB292F26BA00608710 /* Preview Assets.xcassets */ = {isa = PBXFileReference; lastKnownFileType = folder.assetcatalog; path = "Preview Assets.xcassets"; sourceTree = "<group>"; };
		8159C9C1292F26BA00608710 /* MoodMeterTests.xctest */ = {isa = PBXFileReference; explicitFileType = wrapper.cfbundle; includeInIndex = 0; path = MoodMeterTests.xctest; sourceTree = BUILT_PRODUCTS_DIR; };
		8159C9C5292F26BA00608710 /* MoodMeterTests.swift */ = {isa = PBXFileReference; lastKnownFileType = sourcecode.swift; path = MoodMeterTests.swift; sourceTree = "<group>"; };
		8159C9CB292F26BA00608710 /* MoodMeterUITests.xctest */ = {isa = PBXFileReference; explicitFileType = wrapper.cfbundle; includeInIndex = 0; path = MoodMeterUITests.xctest; sourceTree = BUILT_PRODUCTS_DIR; };
		8159C9CF292F26BA00608710 /* MoodMeterUITests.swift */ = {isa = PBXFileReference; lastKnownFileType = sourcecode.swift; path = MoodMeterUITests.swift; sourceTree = "<group>"; };
		8159C9D1292F26BA00608710 /* MoodMeterUITestsLaunchTests.swift */ = {isa = PBXFileReference; lastKnownFileType = sourcecode.swift; path = MoodMeterUITestsLaunchTests.swift; sourceTree = "<group>"; };
		8159C9DF292F303800608710 /* Constants.swift */ = {isa = PBXFileReference; lastKnownFileType = sourcecode.swift; path = Constants.swift; sourceTree = "<group>"; };
		8159C9E1292F3C5200608710 /* GraphView.swift */ = {isa = PBXFileReference; lastKnownFileType = sourcecode.swift; path = GraphView.swift; sourceTree = "<group>"; };
		8159C9E4292F3E2C00608710 /* Color.swift */ = {isa = PBXFileReference; lastKnownFileType = sourcecode.swift; path = Color.swift; sourceTree = "<group>"; };
		81601A262945755B00D24EB7 /* request.playground */ = {isa = PBXFileReference; lastKnownFileType = file.playground; path = request.playground; sourceTree = "<group>"; xcLanguageSpecificationIdentifier = xcode.lang.swift; };
		81601A272946BCE900D24EB7 /* LiveButtonView.swift */ = {isa = PBXFileReference; lastKnownFileType = sourcecode.swift; path = LiveButtonView.swift; sourceTree = "<group>"; };
		816C6CF129414EB600089541 /* RingView.swift */ = {isa = PBXFileReference; lastKnownFileType = sourcecode.swift; path = RingView.swift; sourceTree = "<group>"; };
		816C6CF329414F2500089541 /* HealthData.swift */ = {isa = PBXFileReference; lastKnownFileType = sourcecode.swift; path = HealthData.swift; sourceTree = "<group>"; };
		816C6CF529414F5E00089541 /* BlurView.swift */ = {isa = PBXFileReference; lastKnownFileType = sourcecode.swift; path = BlurView.swift; sourceTree = "<group>"; };
		816C6CF72941504000089541 /* LaunchScreenView.swift */ = {isa = PBXFileReference; lastKnownFileType = sourcecode.swift; path = LaunchScreenView.swift; sourceTree = "<group>"; };
		816C6CF9294150D900089541 /* Info.plist */ = {isa = PBXFileReference; lastKnownFileType = text.plist; path = Info.plist; sourceTree = "<group>"; };
		816C6CFC2941547000089541 /* LaunchScreenStateMachine.swift */ = {isa = PBXFileReference; lastKnownFileType = sourcecode.swift; path = LaunchScreenStateMachine.swift; sourceTree = "<group>"; };
		816C6CFF2941E20800089541 /* DayInfo.swift */ = {isa = PBXFileReference; lastKnownFileType = sourcecode.swift; path = DayInfo.swift; sourceTree = "<group>"; };
		816C6D012941E4AC00089541 /* DailyView.swift */ = {isa = PBXFileReference; lastKnownFileType = sourcecode.swift; path = DailyView.swift; sourceTree = "<group>"; };
		816C6D032941F1AA00089541 /* DailyListView.swift */ = {isa = PBXFileReference; lastKnownFileType = sourcecode.swift; path = DailyListView.swift; sourceTree = "<group>"; };
		816C6D0529428FFB00089541 /* StateVariables.swift */ = {isa = PBXFileReference; lastKnownFileType = sourcecode.swift; path = StateVariables.swift; sourceTree = "<group>"; };
		816C6D072942C94B00089541 /* LiveDataView.swift */ = {isa = PBXFileReference; lastKnownFileType = sourcecode.swift; path = LiveDataView.swift; sourceTree = "<group>"; };
		816C6D092942D1A500089541 /* LiveData.swift */ = {isa = PBXFileReference; lastKnownFileType = sourcecode.swift; path = LiveData.swift; sourceTree = "<group>"; };
/* End PBXFileReference section */

/* Begin PBXFrameworksBuildPhase section */
		8159C9AD292F26B900608710 /* Frameworks */ = {
			isa = PBXFrameworksBuildPhase;
			buildActionMask = 2147483647;
			files = (
			);
			runOnlyForDeploymentPostprocessing = 0;
		};
		8159C9BE292F26BA00608710 /* Frameworks */ = {
			isa = PBXFrameworksBuildPhase;
			buildActionMask = 2147483647;
			files = (
			);
			runOnlyForDeploymentPostprocessing = 0;
		};
		8159C9C8292F26BA00608710 /* Frameworks */ = {
			isa = PBXFrameworksBuildPhase;
			buildActionMask = 2147483647;
			files = (
			);
			runOnlyForDeploymentPostprocessing = 0;
		};
/* End PBXFrameworksBuildPhase section */

/* Begin PBXGroup section */
		8159C9A7292F26B900608710 = {
			isa = PBXGroup;
			children = (
				8159C9B2292F26B900608710 /* MoodMeter */,
				8159C9C4292F26BA00608710 /* MoodMeterTests */,
				8159C9CE292F26BA00608710 /* MoodMeterUITests */,
				8159C9B1292F26B900608710 /* Products */,
			);
			sourceTree = "<group>";
		};
		8159C9B1292F26B900608710 /* Products */ = {
			isa = PBXGroup;
			children = (
				8159C9B0292F26B900608710 /* MoodMeter.app */,
				8159C9C1292F26BA00608710 /* MoodMeterTests.xctest */,
				8159C9CB292F26BA00608710 /* MoodMeterUITests.xctest */,
			);
			name = Products;
			sourceTree = "<group>";
		};
		8159C9B2292F26B900608710 /* MoodMeter */ = {
			isa = PBXGroup;
			children = (
				816C6CF9294150D900089541 /* Info.plist */,
				816C6CFB2941543000089541 /* LaunchScreenManger */,
				8159C9E3292F3E1700608710 /* Extensions */,
				8159C9DE292F300D00608710 /* Data */,
				8159C9B3292F26B900608710 /* MoodMeterApp.swift */,
				811F16C0294715E200A76907 /* test.swift */,
				816C6D072942C94B00089541 /* LiveDataView.swift */,
				816C6CF72941504000089541 /* LaunchScreenView.swift */,
				8159C9B5292F26B900608710 /* ContentView.swift */,
				81601A272946BCE900D24EB7 /* LiveButtonView.swift */,
				816C6D012941E4AC00089541 /* DailyView.swift */,
				816C6D032941F1AA00089541 /* DailyListView.swift */,
				816C6CF529414F5E00089541 /* BlurView.swift */,
				816C6CF129414EB600089541 /* RingView.swift */,
				8159C9E1292F3C5200608710 /* GraphView.swift */,
				8159C9B7292F26BA00608710 /* Assets.xcassets */,
				8159C9B9292F26BA00608710 /* MoodMeter.entitlements */,
				8159C9BA292F26BA00608710 /* Preview Content */,
				81601A262945755B00D24EB7 /* request.playground */,
			);
			path = MoodMeter;
			sourceTree = "<group>";
		};
		8159C9BA292F26BA00608710 /* Preview Content */ = {
			isa = PBXGroup;
			children = (
				8159C9BB292F26BA00608710 /* Preview Assets.xcassets */,
			);
			path = "Preview Content";
			sourceTree = "<group>";
		};
		8159C9C4292F26BA00608710 /* MoodMeterTests */ = {
			isa = PBXGroup;
			children = (
				8159C9C5292F26BA00608710 /* MoodMeterTests.swift */,
			);
			path = MoodMeterTests;
			sourceTree = "<group>";
		};
		8159C9CE292F26BA00608710 /* MoodMeterUITests */ = {
			isa = PBXGroup;
			children = (
				8159C9CF292F26BA00608710 /* MoodMeterUITests.swift */,
				8159C9D1292F26BA00608710 /* MoodMeterUITestsLaunchTests.swift */,
			);
			path = MoodMeterUITests;
			sourceTree = "<group>";
		};
		8159C9DE292F300D00608710 /* Data */ = {
			isa = PBXGroup;
			children = (
				8159C9DF292F303800608710 /* Constants.swift */,
				816C6D0529428FFB00089541 /* StateVariables.swift */,
				816C6CF329414F2500089541 /* HealthData.swift */,
				816C6CFF2941E20800089541 /* DayInfo.swift */,
				816C6D092942D1A500089541 /* LiveData.swift */,
			);
			name = Data;
			sourceTree = "<group>";
		};
		8159C9E3292F3E1700608710 /* Extensions */ = {
			isa = PBXGroup;
			children = (
				8159C9E4292F3E2C00608710 /* Color.swift */,
			);
			name = Extensions;
			sourceTree = "<group>";
		};
		816C6CFB2941543000089541 /* LaunchScreenManger */ = {
			isa = PBXGroup;
			children = (
				816C6CFC2941547000089541 /* LaunchScreenStateMachine.swift */,
			);
			path = LaunchScreenManger;
			sourceTree = "<group>";
		};
/* End PBXGroup section */

/* Begin PBXNativeTarget section */
		8159C9AF292F26B900608710 /* MoodMeter */ = {
			isa = PBXNativeTarget;
			buildConfigurationList = 8159C9D5292F26BA00608710 /* Build configuration list for PBXNativeTarget "MoodMeter" */;
			buildPhases = (
				8159C9AC292F26B900608710 /* Sources */,
				8159C9AD292F26B900608710 /* Frameworks */,
				8159C9AE292F26B900608710 /* Resources */,
			);
			buildRules = (
			);
			dependencies = (
			);
			name = MoodMeter;
			productName = MoodMeter;
			productReference = 8159C9B0292F26B900608710 /* MoodMeter.app */;
			productType = "com.apple.product-type.application";
		};
		8159C9C0292F26BA00608710 /* MoodMeterTests */ = {
			isa = PBXNativeTarget;
			buildConfigurationList = 8159C9D8292F26BA00608710 /* Build configuration list for PBXNativeTarget "MoodMeterTests" */;
			buildPhases = (
				8159C9BD292F26BA00608710 /* Sources */,
				8159C9BE292F26BA00608710 /* Frameworks */,
				8159C9BF292F26BA00608710 /* Resources */,
			);
			buildRules = (
			);
			dependencies = (
				8159C9C3292F26BA00608710 /* PBXTargetDependency */,
			);
			name = MoodMeterTests;
			productName = MoodMeterTests;
			productReference = 8159C9C1292F26BA00608710 /* MoodMeterTests.xctest */;
			productType = "com.apple.product-type.bundle.unit-test";
		};
		8159C9CA292F26BA00608710 /* MoodMeterUITests */ = {
			isa = PBXNativeTarget;
			buildConfigurationList = 8159C9DB292F26BA00608710 /* Build configuration list for PBXNativeTarget "MoodMeterUITests" */;
			buildPhases = (
				8159C9C7292F26BA00608710 /* Sources */,
				8159C9C8292F26BA00608710 /* Frameworks */,
				8159C9C9292F26BA00608710 /* Resources */,
			);
			buildRules = (
			);
			dependencies = (
				8159C9CD292F26BA00608710 /* PBXTargetDependency */,
			);
			name = MoodMeterUITests;
			productName = MoodMeterUITests;
			productReference = 8159C9CB292F26BA00608710 /* MoodMeterUITests.xctest */;
			productType = "com.apple.product-type.bundle.ui-testing";
		};
/* End PBXNativeTarget section */

/* Begin PBXProject section */
		8159C9A8292F26B900608710 /* Project object */ = {
			isa = PBXProject;
			attributes = {
				BuildIndependentTargetsInParallel = 1;
				LastSwiftUpdateCheck = 1400;
				LastUpgradeCheck = 1400;
				TargetAttributes = {
					8159C9AF292F26B900608710 = {
						CreatedOnToolsVersion = 14.0.1;
					};
					8159C9C0292F26BA00608710 = {
						CreatedOnToolsVersion = 14.0.1;
						TestTargetID = 8159C9AF292F26B900608710;
					};
					8159C9CA292F26BA00608710 = {
						CreatedOnToolsVersion = 14.0.1;
						TestTargetID = 8159C9AF292F26B900608710;
					};
				};
			};
			buildConfigurationList = 8159C9AB292F26B900608710 /* Build configuration list for PBXProject "MoodMeter" */;
			compatibilityVersion = "Xcode 14.0";
			developmentRegion = en;
			hasScannedForEncodings = 0;
			knownRegions = (
				en,
				Base,
			);
			mainGroup = 8159C9A7292F26B900608710;
			productRefGroup = 8159C9B1292F26B900608710 /* Products */;
			projectDirPath = "";
			projectRoot = "";
			targets = (
				8159C9AF292F26B900608710 /* MoodMeter */,
				8159C9C0292F26BA00608710 /* MoodMeterTests */,
				8159C9CA292F26BA00608710 /* MoodMeterUITests */,
			);
		};
/* End PBXProject section */

/* Begin PBXResourcesBuildPhase section */
		8159C9AE292F26B900608710 /* Resources */ = {
			isa = PBXResourcesBuildPhase;
			buildActionMask = 2147483647;
			files = (
				8159C9BC292F26BA00608710 /* Preview Assets.xcassets in Resources */,
				8159C9B8292F26BA00608710 /* Assets.xcassets in Resources */,
			);
			runOnlyForDeploymentPostprocessing = 0;
		};
		8159C9BF292F26BA00608710 /* Resources */ = {
			isa = PBXResourcesBuildPhase;
			buildActionMask = 2147483647;
			files = (
			);
			runOnlyForDeploymentPostprocessing = 0;
		};
		8159C9C9292F26BA00608710 /* Resources */ = {
			isa = PBXResourcesBuildPhase;
			buildActionMask = 2147483647;
			files = (
			);
			runOnlyForDeploymentPostprocessing = 0;
		};
/* End PBXResourcesBuildPhase section */

/* Begin PBXSourcesBuildPhase section */
		8159C9AC292F26B900608710 /* Sources */ = {
			isa = PBXSourcesBuildPhase;
			buildActionMask = 2147483647;
			files = (
				816C6D022941E4AC00089541 /* DailyView.swift in Sources */,
				816C6CF229414EB600089541 /* RingView.swift in Sources */,
				81601A282946BCE900D24EB7 /* LiveButtonView.swift in Sources */,
				816C6CF629414F5E00089541 /* BlurView.swift in Sources */,
				816C6D0A2942D1A500089541 /* LiveData.swift in Sources */,
				816C6CFD2941547000089541 /* LaunchScreenStateMachine.swift in Sources */,
				816C6CF429414F2500089541 /* HealthData.swift in Sources */,
				8159C9B6292F26B900608710 /* ContentView.swift in Sources */,
				816C6D042941F1AA00089541 /* DailyListView.swift in Sources */,
				8159C9B4292F26B900608710 /* MoodMeterApp.swift in Sources */,
				816C6D002941E20800089541 /* DayInfo.swift in Sources */,
				8159C9E0292F303800608710 /* Constants.swift in Sources */,
				8159C9E5292F3E2C00608710 /* Color.swift in Sources */,
				811F16C1294715E200A76907 /* test.swift in Sources */,
				8159C9E2292F3C5200608710 /* GraphView.swift in Sources */,
				816C6D082942C94B00089541 /* LiveDataView.swift in Sources */,
				816C6CF82941504000089541 /* LaunchScreenView.swift in Sources */,
				816C6D0629428FFB00089541 /* StateVariables.swift in Sources */,
			);
			runOnlyForDeploymentPostprocessing = 0;
		};
		8159C9BD292F26BA00608710 /* Sources */ = {
			isa = PBXSourcesBuildPhase;
			buildActionMask = 2147483647;
			files = (
				8159C9C6292F26BA00608710 /* MoodMeterTests.swift in Sources */,
			);
			runOnlyForDeploymentPostprocessing = 0;
		};
		8159C9C7292F26BA00608710 /* Sources */ = {
			isa = PBXSourcesBuildPhase;
			buildActionMask = 2147483647;
			files = (
				8159C9D0292F26BA00608710 /* MoodMeterUITests.swift in Sources */,
				8159C9D2292F26BA00608710 /* MoodMeterUITestsLaunchTests.swift in Sources */,
			);
			runOnlyForDeploymentPostprocessing = 0;
		};
/* End PBXSourcesBuildPhase section */

/* Begin PBXTargetDependency section */
		8159C9C3292F26BA00608710 /* PBXTargetDependency */ = {
			isa = PBXTargetDependency;
			target = 8159C9AF292F26B900608710 /* MoodMeter */;
			targetProxy = 8159C9C2292F26BA00608710 /* PBXContainerItemProxy */;
		};
		8159C9CD292F26BA00608710 /* PBXTargetDependency */ = {
			isa = PBXTargetDependency;
			target = 8159C9AF292F26B900608710 /* MoodMeter */;
			targetProxy = 8159C9CC292F26BA00608710 /* PBXContainerItemProxy */;
		};
/* End PBXTargetDependency section */

/* Begin XCBuildConfiguration section */
		8159C9D3292F26BA00608710 /* Debug */ = {
			isa = XCBuildConfiguration;
			buildSettings = {
				ALWAYS_SEARCH_USER_PATHS = NO;
				CLANG_ANALYZER_NONNULL = YES;
				CLANG_ANALYZER_NUMBER_OBJECT_CONVERSION = YES_AGGRESSIVE;
				CLANG_CXX_LANGUAGE_STANDARD = "gnu++20";
				CLANG_ENABLE_MODULES = YES;
				CLANG_ENABLE_OBJC_ARC = YES;
				CLANG_ENABLE_OBJC_WEAK = YES;
				CLANG_WARN_BLOCK_CAPTURE_AUTORELEASING = YES;
				CLANG_WARN_BOOL_CONVERSION = YES;
				CLANG_WARN_COMMA = YES;
				CLANG_WARN_CONSTANT_CONVERSION = YES;
				CLANG_WARN_DEPRECATED_OBJC_IMPLEMENTATIONS = YES;
				CLANG_WARN_DIRECT_OBJC_ISA_USAGE = YES_ERROR;
				CLANG_WARN_DOCUMENTATION_COMMENTS = YES;
				CLANG_WARN_EMPTY_BODY = YES;
				CLANG_WARN_ENUM_CONVERSION = YES;
				CLANG_WARN_INFINITE_RECURSION = YES;
				CLANG_WARN_INT_CONVERSION = YES;
				CLANG_WARN_NON_LITERAL_NULL_CONVERSION = YES;
				CLANG_WARN_OBJC_IMPLICIT_RETAIN_SELF = YES;
				CLANG_WARN_OBJC_LITERAL_CONVERSION = YES;
				CLANG_WARN_OBJC_ROOT_CLASS = YES_ERROR;
				CLANG_WARN_QUOTED_INCLUDE_IN_FRAMEWORK_HEADER = YES;
				CLANG_WARN_RANGE_LOOP_ANALYSIS = YES;
				CLANG_WARN_STRICT_PROTOTYPES = YES;
				CLANG_WARN_SUSPICIOUS_MOVE = YES;
				CLANG_WARN_UNGUARDED_AVAILABILITY = YES_AGGRESSIVE;
				CLANG_WARN_UNREACHABLE_CODE = YES;
				CLANG_WARN__DUPLICATE_METHOD_MATCH = YES;
				COPY_PHASE_STRIP = NO;
				DEBUG_INFORMATION_FORMAT = dwarf;
				ENABLE_STRICT_OBJC_MSGSEND = YES;
				ENABLE_TESTABILITY = YES;
				GCC_C_LANGUAGE_STANDARD = gnu11;
				GCC_DYNAMIC_NO_PIC = NO;
				GCC_NO_COMMON_BLOCKS = YES;
				GCC_OPTIMIZATION_LEVEL = 0;
				GCC_PREPROCESSOR_DEFINITIONS = (
					"DEBUG=1",
					"$(inherited)",
				);
				GCC_WARN_64_TO_32_BIT_CONVERSION = YES;
				GCC_WARN_ABOUT_RETURN_TYPE = YES_ERROR;
				GCC_WARN_UNDECLARED_SELECTOR = YES;
				GCC_WARN_UNINITIALIZED_AUTOS = YES_AGGRESSIVE;
				GCC_WARN_UNUSED_FUNCTION = YES;
				GCC_WARN_UNUSED_VARIABLE = YES;
				MTL_ENABLE_DEBUG_INFO = INCLUDE_SOURCE;
				MTL_FAST_MATH = YES;
				ONLY_ACTIVE_ARCH = YES;
				SWIFT_ACTIVE_COMPILATION_CONDITIONS = DEBUG;
				SWIFT_OPTIMIZATION_LEVEL = "-Onone";
			};
			name = Debug;
		};
		8159C9D4292F26BA00608710 /* Release */ = {
			isa = XCBuildConfiguration;
			buildSettings = {
				ALWAYS_SEARCH_USER_PATHS = NO;
				CLANG_ANALYZER_NONNULL = YES;
				CLANG_ANALYZER_NUMBER_OBJECT_CONVERSION = YES_AGGRESSIVE;
				CLANG_CXX_LANGUAGE_STANDARD = "gnu++20";
				CLANG_ENABLE_MODULES = YES;
				CLANG_ENABLE_OBJC_ARC = YES;
				CLANG_ENABLE_OBJC_WEAK = YES;
				CLANG_WARN_BLOCK_CAPTURE_AUTORELEASING = YES;
				CLANG_WARN_BOOL_CONVERSION = YES;
				CLANG_WARN_COMMA = YES;
				CLANG_WARN_CONSTANT_CONVERSION = YES;
				CLANG_WARN_DEPRECATED_OBJC_IMPLEMENTATIONS = YES;
				CLANG_WARN_DIRECT_OBJC_ISA_USAGE = YES_ERROR;
				CLANG_WARN_DOCUMENTATION_COMMENTS = YES;
				CLANG_WARN_EMPTY_BODY = YES;
				CLANG_WARN_ENUM_CONVERSION = YES;
				CLANG_WARN_INFINITE_RECURSION = YES;
				CLANG_WARN_INT_CONVERSION = YES;
				CLANG_WARN_NON_LITERAL_NULL_CONVERSION = YES;
				CLANG_WARN_OBJC_IMPLICIT_RETAIN_SELF = YES;
				CLANG_WARN_OBJC_LITERAL_CONVERSION = YES;
				CLANG_WARN_OBJC_ROOT_CLASS = YES_ERROR;
				CLANG_WARN_QUOTED_INCLUDE_IN_FRAMEWORK_HEADER = YES;
				CLANG_WARN_RANGE_LOOP_ANALYSIS = YES;
				CLANG_WARN_STRICT_PROTOTYPES = YES;
				CLANG_WARN_SUSPICIOUS_MOVE = YES;
				CLANG_WARN_UNGUARDED_AVAILABILITY = YES_AGGRESSIVE;
				CLANG_WARN_UNREACHABLE_CODE = YES;
				CLANG_WARN__DUPLICATE_METHOD_MATCH = YES;
				COPY_PHASE_STRIP = NO;
				DEBUG_INFORMATION_FORMAT = "dwarf-with-dsym";
				ENABLE_NS_ASSERTIONS = NO;
				ENABLE_STRICT_OBJC_MSGSEND = YES;
				GCC_C_LANGUAGE_STANDARD = gnu11;
				GCC_NO_COMMON_BLOCKS = YES;
				GCC_WARN_64_TO_32_BIT_CONVERSION = YES;
				GCC_WARN_ABOUT_RETURN_TYPE = YES_ERROR;
				GCC_WARN_UNDECLARED_SELECTOR = YES;
				GCC_WARN_UNINITIALIZED_AUTOS = YES_AGGRESSIVE;
				GCC_WARN_UNUSED_FUNCTION = YES;
				GCC_WARN_UNUSED_VARIABLE = YES;
				MTL_ENABLE_DEBUG_INFO = NO;
				MTL_FAST_MATH = YES;
				SWIFT_COMPILATION_MODE = wholemodule;
				SWIFT_OPTIMIZATION_LEVEL = "-O";
			};
			name = Release;
		};
		8159C9D6292F26BA00608710 /* Debug */ = {
			isa = XCBuildConfiguration;
			buildSettings = {
				ASSETCATALOG_COMPILER_APPICON_NAME = AppIcon;
				ASSETCATALOG_COMPILER_GLOBAL_ACCENT_COLOR_NAME = AccentColor;
				CODE_SIGN_ENTITLEMENTS = MoodMeter/MoodMeter.entitlements;
				CODE_SIGN_STYLE = Automatic;
				CURRENT_PROJECT_VERSION = 1;
				DEVELOPMENT_ASSET_PATHS = "\"MoodMeter/Preview Content\"";
				DEVELOPMENT_TEAM = BA3Z3YJ74U;
				ENABLE_HARDENED_RUNTIME = YES;
				ENABLE_PREVIEWS = YES;
				GENERATE_INFOPLIST_FILE = YES;
				INFOPLIST_FILE = MoodMeter/Info.plist;
				"INFOPLIST_KEY_UIApplicationSceneManifest_Generation[sdk=iphoneos*]" = YES;
				"INFOPLIST_KEY_UIApplicationSceneManifest_Generation[sdk=iphonesimulator*]" = YES;
				"INFOPLIST_KEY_UIApplicationSupportsIndirectInputEvents[sdk=iphoneos*]" = YES;
				"INFOPLIST_KEY_UIApplicationSupportsIndirectInputEvents[sdk=iphonesimulator*]" = YES;
				"INFOPLIST_KEY_UILaunchScreen_Generation[sdk=iphoneos*]" = YES;
				"INFOPLIST_KEY_UILaunchScreen_Generation[sdk=iphonesimulator*]" = YES;
				"INFOPLIST_KEY_UIStatusBarStyle[sdk=iphoneos*]" = UIStatusBarStyleDefault;
				"INFOPLIST_KEY_UIStatusBarStyle[sdk=iphonesimulator*]" = UIStatusBarStyleDefault;
				INFOPLIST_KEY_UISupportedInterfaceOrientations_iPad = "UIInterfaceOrientationPortrait UIInterfaceOrientationPortraitUpsideDown UIInterfaceOrientationLandscapeLeft UIInterfaceOrientationLandscapeRight";
				INFOPLIST_KEY_UISupportedInterfaceOrientations_iPhone = "UIInterfaceOrientationPortrait UIInterfaceOrientationLandscapeLeft UIInterfaceOrientationLandscapeRight";
				IPHONEOS_DEPLOYMENT_TARGET = 16.0;
				LD_RUNPATH_SEARCH_PATHS = "@executable_path/Frameworks";
				"LD_RUNPATH_SEARCH_PATHS[sdk=macosx*]" = "@executable_path/../Frameworks";
				MACOSX_DEPLOYMENT_TARGET = 12.3;
				MARKETING_VERSION = 1.0;
				PRODUCT_BUNDLE_IDENTIFIER = IoT.MoodMeter;
				PRODUCT_NAME = "$(TARGET_NAME)";
				SDKROOT = auto;
				SUPPORTED_PLATFORMS = "iphoneos iphonesimulator macosx";
				SWIFT_EMIT_LOC_STRINGS = YES;
				SWIFT_VERSION = 5.0;
				TARGETED_DEVICE_FAMILY = "1,2";
			};
			name = Debug;
		};
		8159C9D7292F26BA00608710 /* Release */ = {
			isa = XCBuildConfiguration;
			buildSettings = {
				ASSETCATALOG_COMPILER_APPICON_NAME = AppIcon;
				ASSETCATALOG_COMPILER_GLOBAL_ACCENT_COLOR_NAME = AccentColor;
				CODE_SIGN_ENTITLEMENTS = MoodMeter/MoodMeter.entitlements;
				CODE_SIGN_STYLE = Automatic;
				CURRENT_PROJECT_VERSION = 1;
				DEVELOPMENT_ASSET_PATHS = "\"MoodMeter/Preview Content\"";
				DEVELOPMENT_TEAM = BA3Z3YJ74U;
				ENABLE_HARDENED_RUNTIME = YES;
				ENABLE_PREVIEWS = YES;
				GENERATE_INFOPLIST_FILE = YES;
				INFOPLIST_FILE = MoodMeter/Info.plist;
				"INFOPLIST_KEY_UIApplicationSceneManifest_Generation[sdk=iphoneos*]" = YES;
				"INFOPLIST_KEY_UIApplicationSceneManifest_Generation[sdk=iphonesimulator*]" = YES;
				"INFOPLIST_KEY_UIApplicationSupportsIndirectInputEvents[sdk=iphoneos*]" = YES;
				"INFOPLIST_KEY_UIApplicationSupportsIndirectInputEvents[sdk=iphonesimulator*]" = YES;
				"INFOPLIST_KEY_UILaunchScreen_Generation[sdk=iphoneos*]" = YES;
				"INFOPLIST_KEY_UILaunchScreen_Generation[sdk=iphonesimulator*]" = YES;
				"INFOPLIST_KEY_UIStatusBarStyle[sdk=iphoneos*]" = UIStatusBarStyleDefault;
				"INFOPLIST_KEY_UIStatusBarStyle[sdk=iphonesimulator*]" = UIStatusBarStyleDefault;
				INFOPLIST_KEY_UISupportedInterfaceOrientations_iPad = "UIInterfaceOrientationPortrait UIInterfaceOrientationPortraitUpsideDown UIInterfaceOrientationLandscapeLeft UIInterfaceOrientationLandscapeRight";
				INFOPLIST_KEY_UISupportedInterfaceOrientations_iPhone = "UIInterfaceOrientationPortrait UIInterfaceOrientationLandscapeLeft UIInterfaceOrientationLandscapeRight";
				IPHONEOS_DEPLOYMENT_TARGET = 16.0;
				LD_RUNPATH_SEARCH_PATHS = "@executable_path/Frameworks";
				"LD_RUNPATH_SEARCH_PATHS[sdk=macosx*]" = "@executable_path/../Frameworks";
				MACOSX_DEPLOYMENT_TARGET = 12.3;
				MARKETING_VERSION = 1.0;
				PRODUCT_BUNDLE_IDENTIFIER = IoT.MoodMeter;
				PRODUCT_NAME = "$(TARGET_NAME)";
				SDKROOT = auto;
				SUPPORTED_PLATFORMS = "iphoneos iphonesimulator macosx";
				SWIFT_EMIT_LOC_STRINGS = YES;
				SWIFT_VERSION = 5.0;
				TARGETED_DEVICE_FAMILY = "1,2";
			};
			name = Release;
		};
		8159C9D9292F26BA00608710 /* Debug */ = {
			isa = XCBuildConfiguration;
			buildSettings = {
				ALWAYS_EMBED_SWIFT_STANDARD_LIBRARIES = YES;
				BUNDLE_LOADER = "$(TEST_HOST)";
				CODE_SIGN_STYLE = Automatic;
				CURRENT_PROJECT_VERSION = 1;
				DEVELOPMENT_TEAM = BA3Z3YJ74U;
				GENERATE_INFOPLIST_FILE = YES;
				IPHONEOS_DEPLOYMENT_TARGET = 16.0;
				MACOSX_DEPLOYMENT_TARGET = 12.3;
				MARKETING_VERSION = 1.0;
				PRODUCT_BUNDLE_IDENTIFIER = IoT.MoodMeterTests;
				PRODUCT_NAME = "$(TARGET_NAME)";
				SDKROOT = auto;
				SUPPORTED_PLATFORMS = "iphoneos iphonesimulator macosx";
				SWIFT_EMIT_LOC_STRINGS = NO;
				SWIFT_VERSION = 5.0;
				TARGETED_DEVICE_FAMILY = "1,2";
				TEST_HOST = "$(BUILT_PRODUCTS_DIR)/MoodMeter.app/$(BUNDLE_EXECUTABLE_FOLDER_PATH)/MoodMeter";
			};
			name = Debug;
		};
		8159C9DA292F26BA00608710 /* Release */ = {
			isa = XCBuildConfiguration;
			buildSettings = {
				ALWAYS_EMBED_SWIFT_STANDARD_LIBRARIES = YES;
				BUNDLE_LOADER = "$(TEST_HOST)";
				CODE_SIGN_STYLE = Automatic;
				CURRENT_PROJECT_VERSION = 1;
				DEVELOPMENT_TEAM = BA3Z3YJ74U;
				GENERATE_INFOPLIST_FILE = YES;
				IPHONEOS_DEPLOYMENT_TARGET = 16.0;
				MACOSX_DEPLOYMENT_TARGET = 12.3;
				MARKETING_VERSION = 1.0;
				PRODUCT_BUNDLE_IDENTIFIER = IoT.MoodMeterTests;
				PRODUCT_NAME = "$(TARGET_NAME)";
				SDKROOT = auto;
				SUPPORTED_PLATFORMS = "iphoneos iphonesimulator macosx";
				SWIFT_EMIT_LOC_STRINGS = NO;
				SWIFT_VERSION = 5.0;
				TARGETED_DEVICE_FAMILY = "1,2";
				TEST_HOST = "$(BUILT_PRODUCTS_DIR)/MoodMeter.app/$(BUNDLE_EXECUTABLE_FOLDER_PATH)/MoodMeter";
			};
			name = Release;
		};
		8159C9DC292F26BA00608710 /* Debug */ = {
			isa = XCBuildConfiguration;
			buildSettings = {
				ALWAYS_EMBED_SWIFT_STANDARD_LIBRARIES = YES;
				CODE_SIGN_STYLE = Automatic;
				CURRENT_PROJECT_VERSION = 1;
				DEVELOPMENT_TEAM = BA3Z3YJ74U;
				GENERATE_INFOPLIST_FILE = YES;
				IPHONEOS_DEPLOYMENT_TARGET = 16.0;
				MACOSX_DEPLOYMENT_TARGET = 12.3;
				MARKETING_VERSION = 1.0;
				PRODUCT_BUNDLE_IDENTIFIER = IoT.MoodMeterUITests;
				PRODUCT_NAME = "$(TARGET_NAME)";
				SDKROOT = auto;
				SUPPORTED_PLATFORMS = "iphoneos iphonesimulator macosx";
				SWIFT_EMIT_LOC_STRINGS = NO;
				SWIFT_VERSION = 5.0;
				TARGETED_DEVICE_FAMILY = "1,2";
				TEST_TARGET_NAME = MoodMeter;
			};
			name = Debug;
		};
		8159C9DD292F26BA00608710 /* Release */ = {
			isa = XCBuildConfiguration;
			buildSettings = {
				ALWAYS_EMBED_SWIFT_STANDARD_LIBRARIES = YES;
				CODE_SIGN_STYLE = Automatic;
				CURRENT_PROJECT_VERSION = 1;
				DEVELOPMENT_TEAM = BA3Z3YJ74U;
				GENERATE_INFOPLIST_FILE = YES;
				IPHONEOS_DEPLOYMENT_TARGET = 16.0;
				MACOSX_DEPLOYMENT_TARGET = 12.3;
				MARKETING_VERSION = 1.0;
				PRODUCT_BUNDLE_IDENTIFIER = IoT.MoodMeterUITests;
				PRODUCT_NAME = "$(TARGET_NAME)";
				SDKROOT = auto;
				SUPPORTED_PLATFORMS = "iphoneos iphonesimulator macosx";
				SWIFT_EMIT_LOC_STRINGS = NO;
				SWIFT_VERSION = 5.0;
				TARGETED_DEVICE_FAMILY = "1,2";
				TEST_TARGET_NAME = MoodMeter;
			};
			name = Release;
		};
/* End XCBuildConfiguration section */

/* Begin XCConfigurationList section */
		8159C9AB292F26B900608710 /* Build configuration list for PBXProject "MoodMeter" */ = {
			isa = XCConfigurationList;
			buildConfigurations = (
				8159C9D3292F26BA00608710 /* Debug */,
				8159C9D4292F26BA00608710 /* Release */,
			);
			defaultConfigurationIsVisible = 0;
			defaultConfigurationName = Release;
		};
		8159C9D5292F26BA00608710 /* Build configuration list for PBXNativeTarget "MoodMeter" */ = {
			isa = XCConfigurationList;
			buildConfigurations = (
				8159C9D6292F26BA00608710 /* Debug */,
				8159C9D7292F26BA00608710 /* Release */,
			);
			defaultConfigurationIsVisible = 0;
			defaultConfigurationName = Release;
		};
		8159C9D8292F26BA00608710 /* Build configuration list for PBXNativeTarget "MoodMeterTests" */ = {
			isa = XCConfigurationList;
			buildConfigurations = (
				8159C9D9292F26BA00608710 /* Debug */,
				8159C9DA292F26BA00608710 /* Release */,
			);
			defaultConfigurationIsVisible = 0;
			defaultConfigurationName = Release;
		};
		8159C9DB292F26BA00608710 /* Build configuration list for PBXNativeTarget "MoodMeterUITests" */ = {
			isa = XCConfigurationList;
			buildConfigurations = (
				8159C9DC292F26BA00608710 /* Debug */,
				8159C9DD292F26BA00608710 /* Release */,
			);
			defaultConfigurationIsVisible = 0;
			defaultConfigurationName = Release;
		};
/* End XCConfigurationList section */
	};
	rootObject = 8159C9A8292F26B900608710 /* Project object */;
}
